
Microsoft Visual Studio Solution File, Format Version 12.00
# Visual Studio Version 17
VisualStudioVersion = 17.3.32819.101
MinimumVisualStudioVersion = 10.0.40219.1
Project("{FAE04EC0-301F-11D3-BF4B-00C04F79EFBC}") = "StokKontrolProject.API", "StokKontrolProject.API\StokKontrolProject.API.csproj", "{70A9B3A2-2FF5-4876-9511-747752527E7B}"
EndProject
Project("{FAE04EC0-301F-11D3-BF4B-00C04F79EFBC}") = "StokKontrolProject.Entities", "StokKontrolProject.Entities\StokKontrolProject.Entities.csproj", "{F7EB26F5-9688-4111-968C-9FA774CA4847}"
EndProject
Project("{FAE04EC0-301F-11D3-BF4B-00C04F79EFBC}") = "StokKontrolProject.Repositories", "StokKontrolProject.Repositories\StokKontrolProject.Repositories.csproj", "{A942DBA3-1404-4756-9785-6DEACBBD7C54}"
EndProject
Project("{FAE04EC0-301F-11D3-BF4B-00C04F79EFBC}") = "StokKontrolProject.Service", "StokKontrolProject.Service\StokKontrolProject.Service.csproj", "{6EB7E17E-6C5D-45A4-BDE8-2332CC3B8E61}"
EndProject
Project("{FAE04EC0-301F-11D3-BF4B-00C04F79EFBC}") = "StokKontrolProject.UI", "StokKontrolProject.UI\StokKontrolProject.UI.csproj", "{84223702-0F73-41D0-97D8-E6D530BA9880}"
EndProject
Global
	GlobalSection(SolutionConfigurationPlatforms) = preSolution
		Debug|Any CPU = Debug|Any CPU
		Release|Any CPU = Release|Any CPU
	EndGlobalSection
	GlobalSection(ProjectConfigurationPlatforms) = postSolution
		{70A9B3A2-2FF5-4876-9511-747752527E7B}.Debug|Any CPU.ActiveCfg = Debug|Any CPU
		{70A9B3A2-2FF5-4876-9511-747752527E7B}.Debug|Any CPU.Build.0 = Debug|Any CPU
		{70A9B3A2-2FF5-4876-9511-747752527E7B}.Release|Any CPU.ActiveCfg = Release|Any CPU
		{70A9B3A2-2FF5-4876-9511-747752527E7B}.Release|Any CPU.Build.0 = Release|Any CPU
		{F7EB26F5-9688-4111-968C-9FA774CA4847}.Debug|Any CPU.ActiveCfg = Debug|Any CPU
		{F7EB26F5-9688-4111-968C-9FA774CA4847}.Debug|Any CPU.Build.0 = Debug|Any CPU
		{F7EB26F5-9688-4111-968C-9FA774CA4847}.Release|Any CPU.ActiveCfg = Release|Any CPU
		{F7EB26F5-9688-4111-968C-9FA774CA4847}.Release|Any CPU.Build.0 = Release|Any CPU
		{A942DBA3-1404-4756-9785-6DEACBBD7C54}.Debug|Any CPU.ActiveCfg = Debug|Any CPU
		{A942DBA3-1404-4756-9785-6DEACBBD7C54}.Debug|Any CPU.Build.0 = Debug|Any CPU
		{A942DBA3-1404-4756-9785-6DEACBBD7C54}.Release|Any CPU.ActiveCfg = Release|Any CPU
		{A942DBA3-1404-4756-9785-6DEACBBD7C54}.Release|Any CPU.Build.0 = Release|Any CPU
		{6EB7E17E-6C5D-45A4-BDE8-2332CC3B8E61}.Debug|Any CPU.ActiveCfg = Debug|Any CPU
		{6EB7E17E-6C5D-45A4-BDE8-2332CC3B8E61}.Debug|Any CPU.Build.0 = Debug|Any CPU
		{6EB7E17E-6C5D-45A4-BDE8-2332CC3B8E61}.Release|Any CPU.ActiveCfg = Release|Any CPU
		{6EB7E17E-6C5D-45A4-BDE8-2332CC3B8E61}.Release|Any CPU.Build.0 = Release|Any CPU
		{84223702-0F73-41D0-97D8-E6D530BA9880}.Debug|Any CPU.ActiveCfg = Debug|Any CPU
		{84223702-0F73-41D0-97D8-E6D530BA9880}.Debug|Any CPU.Build.0 = Debug|Any CPU
		{84223702-0F73-41D0-97D8-E6D530BA9880}.Release|Any CPU.ActiveCfg = Release|Any CPU
		{84223702-0F73-41D0-97D8-E6D530BA9880}.Release|Any CPU.Build.0 = Release|Any CPU
	EndGlobalSection
	GlobalSection(SolutionProperties) = preSolution
		HideSolutionNode = FALSE
	EndGlobalSection
	GlobalSection(ExtensibilityGlobals) = postSolution
		SolutionGuid = {E4CD40F6-9EBF-4349-8982-D71B155207B3}
	EndGlobalSection
EndGlobal
